// !$*UTF8*$!
{
	archiveVersion = 1;
	classes = {
	};
	objectVersion = 46;
	objects = {

/* Begin PBXBuildFile section */
		7017D6521A13A8FD00B8AD0C /* stories.plist in Resources */ = {isa = PBXBuildFile; fileRef = 7017D6511A13A8FD00B8AD0C /* stories.plist */; };
		7017D6541A13B33000B8AD0C /* Utils.m in Sources */ = {isa = PBXBuildFile; fileRef = 7017D6531A13B33000B8AD0C /* Utils.m */; };
		9B16CA8D1975092C00E363AC /* luyin.png in Resources */ = {isa = PBXBuildFile; fileRef = 9B16CA8C1975092C00E363AC /* luyin.png */; };
		9B16CA911975164300E363AC /* LocalStoreViewController.m in Sources */ = {isa = PBXBuildFile; fileRef = 9B16CA8F1975164300E363AC /* LocalStoreViewController.m */; };
		9B16CA921975164300E363AC /* LocalStoreViewController.xib in Resources */ = {isa = PBXBuildFile; fileRef = 9B16CA901975164300E363AC /* LocalStoreViewController.xib */; };
		9B16CA9519752A2600E363AC /* DataService.m in Sources */ = {isa = PBXBuildFile; fileRef = 9B16CA9419752A2600E363AC /* DataService.m */; };
		9B46FDAD1941BC4E0003AB49 /* StoryViewController.m in Sources */ = {isa = PBXBuildFile; fileRef = 9B46FDAB1941BC4E0003AB49 /* StoryViewController.m */; };
		9B46FDAE1941BC4E0003AB49 /* StoryViewController.xib in Resources */ = {isa = PBXBuildFile; fileRef = 9B46FDAC1941BC4E0003AB49 /* StoryViewController.xib */; };
		9B46FDB11941BEA80003AB49 /* PortalViewController.m in Sources */ = {isa = PBXBuildFile; fileRef = 9B46FDB01941BEA80003AB49 /* PortalViewController.m */; };
		9B4D07D219419A7100165D6A /* LoginViewController.m in Sources */ = {isa = PBXBuildFile; fileRef = 9B4D07D019419A7100165D6A /* LoginViewController.m */; };
		9B4E88951954024F008830EB /* pause_btn.png in Resources */ = {isa = PBXBuildFile; fileRef = 9B4E88941954024F008830EB /* pause_btn.png */; };
		9B4E889C19543126008830EB /* record_btn.png in Resources */ = {isa = PBXBuildFile; fileRef = 9B4E889A19543126008830EB /* record_btn.png */; };
		9B4E889D19543126008830EB /* share_btn.png in Resources */ = {isa = PBXBuildFile; fileRef = 9B4E889B19543126008830EB /* share_btn.png */; };
		9B54C03519501B0A004D8FD1 /* CategoryView.m in Sources */ = {isa = PBXBuildFile; fileRef = 9B54C03419501B0A004D8FD1 /* CategoryView.m */; };
		9B54C03719503A4D004D8FD1 /* down_dark.png in Resources */ = {isa = PBXBuildFile; fileRef = 9B54C03619503A4D004D8FD1 /* down_dark.png */; };
		9B8459351945B16A0048F484 /* CollectionCell.m in Sources */ = {isa = PBXBuildFile; fileRef = 9B8459341945B16A0048F484 /* CollectionCell.m */; };
		9B8459371945B1830048F484 /* CollectionCell.xib in Resources */ = {isa = PBXBuildFile; fileRef = 9B8459361945B1830048F484 /* CollectionCell.xib */; };
		9B872DAD194AA63D006A7B8B /* MusicViewController.m in Sources */ = {isa = PBXBuildFile; fileRef = 9B872DAB194AA63D006A7B8B /* MusicViewController.m */; };
		9B872DAE194AA63D006A7B8B /* MusicViewController.xib in Resources */ = {isa = PBXBuildFile; fileRef = 9B872DAC194AA63D006A7B8B /* MusicViewController.xib */; };
		9B872DB0194AC1C6006A7B8B /* Main_iPad.storyboard in Resources */ = {isa = PBXBuildFile; fileRef = 9B872DAF194AC1C6006A7B8B /* Main_iPad.storyboard */; };
		9B872DBA194AC77E006A7B8B /* head_1.png in Resources */ = {isa = PBXBuildFile; fileRef = 9B872DB2194AC77E006A7B8B /* head_1.png */; };
		9B872DBB194AC77E006A7B8B /* head_2.png in Resources */ = {isa = PBXBuildFile; fileRef = 9B872DB3194AC77E006A7B8B /* head_2.png */; };
		9B872DBC194AC77E006A7B8B /* head_3.png in Resources */ = {isa = PBXBuildFile; fileRef = 9B872DB4194AC77E006A7B8B /* head_3.png */; };
		9B872DBD194AC77E006A7B8B /* head_4.png in Resources */ = {isa = PBXBuildFile; fileRef = 9B872DB5194AC77E006A7B8B /* head_4.png */; };
		9B872DBE194AC77E006A7B8B /* head_5.png in Resources */ = {isa = PBXBuildFile; fileRef = 9B872DB6194AC77E006A7B8B /* head_5.png */; };
		9B872DBF194AC77E006A7B8B /* head_6.png in Resources */ = {isa = PBXBuildFile; fileRef = 9B872DB7194AC77E006A7B8B /* head_6.png */; };
		9B872DC0194AC77E006A7B8B /* head_7.png in Resources */ = {isa = PBXBuildFile; fileRef = 9B872DB8194AC77E006A7B8B /* head_7.png */; };
		9B872DC1194AC77E006A7B8B /* head_8.png in Resources */ = {isa = PBXBuildFile; fileRef = 9B872DB9194AC77E006A7B8B /* head_8.png */; };
		9B872DC7194AE686006A7B8B /* MenuViewController.m in Sources */ = {isa = PBXBuildFile; fileRef = 9B872DC6194AE686006A7B8B /* MenuViewController.m */; };
		9B872DCD194AEADB006A7B8B /* DrawerViewController.m in Sources */ = {isa = PBXBuildFile; fileRef = 9B872DCC194AEADB006A7B8B /* DrawerViewController.m */; };
		9B872DD2194AEC54006A7B8B /* MMDrawerController.m in Sources */ = {isa = PBXBuildFile; fileRef = 9B872DCF194AEC54006A7B8B /* MMDrawerController.m */; };
		9B872DD3194AEC54006A7B8B /* UIViewController+MMDrawerController.m in Sources */ = {isa = PBXBuildFile; fileRef = 9B872DD1194AEC54006A7B8B /* UIViewController+MMDrawerController.m */; };
		9B872DD6194AF18A006A7B8B /* MMDrawerBarButtonItem.m in Sources */ = {isa = PBXBuildFile; fileRef = 9B872DD5194AF18A006A7B8B /* MMDrawerBarButtonItem.m */; };
		9B872DD8194AF450006A7B8B /* DrawerViewController.xib in Resources */ = {isa = PBXBuildFile; fileRef = 9B872DD7194AF450006A7B8B /* DrawerViewController.xib */; };
		9B872DDB194AF87B006A7B8B /* UIRoundedImageView.m in Sources */ = {isa = PBXBuildFile; fileRef = 9B872DDA194AF87B006A7B8B /* UIRoundedImageView.m */; };
		9B9DC2EC1932D72300916546 /* Foundation.framework in Frameworks */ = {isa = PBXBuildFile; fileRef = 9B9DC2EB1932D72300916546 /* Foundation.framework */; };
		9B9DC2EE1932D72300916546 /* CoreGraphics.framework in Frameworks */ = {isa = PBXBuildFile; fileRef = 9B9DC2ED1932D72300916546 /* CoreGraphics.framework */; };
		9B9DC2F01932D72300916546 /* UIKit.framework in Frameworks */ = {isa = PBXBuildFile; fileRef = 9B9DC2EF1932D72300916546 /* UIKit.framework */; };
		9B9DC2F61932D72300916546 /* InfoPlist.strings in Resources */ = {isa = PBXBuildFile; fileRef = 9B9DC2F41932D72300916546 /* InfoPlist.strings */; };
		9B9DC2F81932D72300916546 /* main.m in Sources */ = {isa = PBXBuildFile; fileRef = 9B9DC2F71932D72300916546 /* main.m */; };
		9B9DC2FC1932D72300916546 /* AppDelegate.m in Sources */ = {isa = PBXBuildFile; fileRef = 9B9DC2FB1932D72300916546 /* AppDelegate.m */; };
		9B9DC2FF1932D72300916546 /* Main_iPhone.storyboard in Resources */ = {isa = PBXBuildFile; fileRef = 9B9DC2FD1932D72300916546 /* Main_iPhone.storyboard */; };
		9B9DC3081932D72300916546 /* DetailViewController.m in Sources */ = {isa = PBXBuildFile; fileRef = 9B9DC3071932D72300916546 /* DetailViewController.m */; };
		9B9DC30A1932D72300916546 /* Images.xcassets in Resources */ = {isa = PBXBuildFile; fileRef = 9B9DC3091932D72300916546 /* Images.xcassets */; };
		9B9DC3111932D72300916546 /* XCTest.framework in Frameworks */ = {isa = PBXBuildFile; fileRef = 9B9DC3101932D72300916546 /* XCTest.framework */; };
		9B9DC3121932D72300916546 /* Foundation.framework in Frameworks */ = {isa = PBXBuildFile; fileRef = 9B9DC2EB1932D72300916546 /* Foundation.framework */; };
		9B9DC3131932D72300916546 /* UIKit.framework in Frameworks */ = {isa = PBXBuildFile; fileRef = 9B9DC2EF1932D72300916546 /* UIKit.framework */; };
		9B9DC31B1932D72300916546 /* InfoPlist.strings in Resources */ = {isa = PBXBuildFile; fileRef = 9B9DC3191932D72300916546 /* InfoPlist.strings */; };
		9B9DC31D1932D72300916546 /* CombinationTests.m in Sources */ = {isa = PBXBuildFile; fileRef = 9B9DC31C1932D72300916546 /* CombinationTests.m */; };
		9BA1D1A119669243004A3F57 /* libiconv.dylib in Frameworks */ = {isa = PBXBuildFile; fileRef = 9BA1D1A019669243004A3F57 /* libiconv.dylib */; };
		9BA1D1A319669257004A3F57 /* SystemConfiguration.framework in Frameworks */ = {isa = PBXBuildFile; fileRef = 9BA1D1A219669257004A3F57 /* SystemConfiguration.framework */; };
		9BA1D1A519669277004A3F57 /* libsqlite3.dylib in Frameworks */ = {isa = PBXBuildFile; fileRef = 9BA1D1A419669277004A3F57 /* libsqlite3.dylib */; };
		9BA1D1A719669280004A3F57 /* CoreTelephony.framework in Frameworks */ = {isa = PBXBuildFile; fileRef = 9BA1D1A619669280004A3F57 /* CoreTelephony.framework */; };
		9BA1D1AB1966AA87004A3F57 /* libstdc++.dylib in Frameworks */ = {isa = PBXBuildFile; fileRef = 9BA1D1AA1966AA87004A3F57 /* libstdc++.dylib */; };
		9BA1D1AD1966AA99004A3F57 /* libz.dylib in Frameworks */ = {isa = PBXBuildFile; fileRef = 9BA1D1AC1966AA99004A3F57 /* libz.dylib */; };
		9BB70CA9195ACE4D00BF4A84 /* Security.framework in Frameworks */ = {isa = PBXBuildFile; fileRef = 9BB70CA8195ACE4D00BF4A84 /* Security.framework */; };
		9BC36D3D1952D2D0005F702D /* ReflectionView.m in Sources */ = {isa = PBXBuildFile; fileRef = 9BC36D3C1952D2D0005F702D /* ReflectionView.m */; };
		9BC36D3F1952E3BB005F702D /* player_btn.png in Resources */ = {isa = PBXBuildFile; fileRef = 9BC36D3E1952E3BB005F702D /* player_btn.png */; };
		9BC36D431952EA89005F702D /* RecordViewController.m in Sources */ = {isa = PBXBuildFile; fileRef = 9BC36D411952EA89005F702D /* RecordViewController.m */; };
		9BC36D441952EA89005F702D /* RecordViewController.xib in Resources */ = {isa = PBXBuildFile; fileRef = 9BC36D421952EA89005F702D /* RecordViewController.xib */; };
		9BED3D961957FE1B00314AE9 /* like_btn.png in Resources */ = {isa = PBXBuildFile; fileRef = 9BED3D951957FE1B00314AE9 /* like_btn.png */; };
		9BED3D9819580E0800314AE9 /* user_btn.png in Resources */ = {isa = PBXBuildFile; fileRef = 9BED3D9719580E0800314AE9 /* user_btn.png */; };
		9BED3D9A19580FFC00314AE9 /* help_btn.png in Resources */ = {isa = PBXBuildFile; fileRef = 9BED3D9919580FFC00314AE9 /* help_btn.png */; };
		9BF2805F1946D231009405F7 /* ReuseableHeaderView.m in Sources */ = {isa = PBXBuildFile; fileRef = 9BF2805E1946D231009405F7 /* ReuseableHeaderView.m */; };
		9BF280611946D24F009405F7 /* ReuseableHeaderView.xib in Resources */ = {isa = PBXBuildFile; fileRef = 9BF280601946D24F009405F7 /* ReuseableHeaderView.xib */; };
		9BF280651946FBC3009405F7 /* BaseViewController.m in Sources */ = {isa = PBXBuildFile; fileRef = 9BF280641946FBC3009405F7 /* BaseViewController.m */; };
		9BF2806719470803009405F7 /* PortalViewController.xib in Resources */ = {isa = PBXBuildFile; fileRef = 9BF2806619470803009405F7 /* PortalViewController.xib */; };
		9BF727371979147900621BF5 /* Reachability.m in Sources */ = {isa = PBXBuildFile; fileRef = 9BF727361979147900621BF5 /* Reachability.m */; };
		9BF7274D197914B600621BF5 /* AFHTTPRequestOperation.m in Sources */ = {isa = PBXBuildFile; fileRef = 9BF7273B197914B600621BF5 /* AFHTTPRequestOperation.m */; };
		9BF7274E197914B600621BF5 /* AFHTTPRequestOperationManager.m in Sources */ = {isa = PBXBuildFile; fileRef = 9BF7273D197914B600621BF5 /* AFHTTPRequestOperationManager.m */; };
		9BF7274F197914B600621BF5 /* AFHTTPSessionManager.m in Sources */ = {isa = PBXBuildFile; fileRef = 9BF7273F197914B600621BF5 /* AFHTTPSessionManager.m */; };
		9BF72750197914B600621BF5 /* AFNetworkReachabilityManager.m in Sources */ = {isa = PBXBuildFile; fileRef = 9BF72742197914B600621BF5 /* AFNetworkReachabilityManager.m */; };
		9BF72751197914B600621BF5 /* AFSecurityPolicy.m in Sources */ = {isa = PBXBuildFile; fileRef = 9BF72744197914B600621BF5 /* AFSecurityPolicy.m */; };
		9BF72752197914B600621BF5 /* AFURLConnectionOperation.m in Sources */ = {isa = PBXBuildFile; fileRef = 9BF72746197914B600621BF5 /* AFURLConnectionOperation.m */; };
		9BF72753197914B600621BF5 /* AFURLRequestSerialization.m in Sources */ = {isa = PBXBuildFile; fileRef = 9BF72748197914B600621BF5 /* AFURLRequestSerialization.m */; };
		9BF72754197914B600621BF5 /* AFURLResponseSerialization.m in Sources */ = {isa = PBXBuildFile; fileRef = 9BF7274A197914B600621BF5 /* AFURLResponseSerialization.m */; };
		9BF72755197914B600621BF5 /* AFURLSessionManager.m in Sources */ = {isa = PBXBuildFile; fileRef = 9BF7274C197914B600621BF5 /* AFURLSessionManager.m */; };
/* End PBXBuildFile section */

/* Begin PBXContainerItemProxy section */
		9B9DC3141932D72300916546 /* PBXContainerItemProxy */ = {
			isa = PBXContainerItemProxy;
			containerPortal = 9B9DC2E01932D72300916546 /* Project object */;
			proxyType = 1;
			remoteGlobalIDString = 9B9DC2E71932D72300916546;
			remoteInfo = Combination;
		};
/* End PBXContainerItemProxy section */

/* Begin PBXFileReference section */
		7017D6511A13A8FD00B8AD0C /* stories.plist */ = {isa = PBXFileReference; fileEncoding = 4; lastKnownFileType = text.plist.xml; path = stories.plist; sourceTree = "<group>"; };
		7017D6531A13B33000B8AD0C /* Utils.m */ = {isa = PBXFileReference; fileEncoding = 4; lastKnownFileType = sourcecode.c.objc; path = Utils.m; sourceTree = "<group>"; };
		7017D6551A13B3D200B8AD0C /* Utils.h */ = {isa = PBXFileReference; lastKnownFileType = sourcecode.c.h; path = Utils.h; sourceTree = "<group>"; };
		7017D6561A13B59700B8AD0C /* Consts.h */ = {isa = PBXFileReference; lastKnownFileType = sourcecode.c.h; path = Consts.h; sourceTree = "<group>"; };
		9B16CA8C1975092C00E363AC /* luyin.png */ = {isa = PBXFileReference; lastKnownFileType = image.png; path = luyin.png; sourceTree = "<group>"; };
		9B16CA8E1975164300E363AC /* LocalStoreViewController.h */ = {isa = PBXFileReference; fileEncoding = 4; lastKnownFileType = sourcecode.c.h; path = LocalStoreViewController.h; sourceTree = "<group>"; };
		9B16CA8F1975164300E363AC /* LocalStoreViewController.m */ = {isa = PBXFileReference; fileEncoding = 4; lastKnownFileType = sourcecode.c.objc; path = LocalStoreViewController.m; sourceTree = "<group>"; };
		9B16CA901975164300E363AC /* LocalStoreViewController.xib */ = {isa = PBXFileReference; fileEncoding = 4; lastKnownFileType = file.xib; path = LocalStoreViewController.xib; sourceTree = "<group>"; };
		9B16CA9319752A2600E363AC /* DataService.h */ = {isa = PBXFileReference; fileEncoding = 4; lastKnownFileType = sourcecode.c.h; path = DataService.h; sourceTree = "<group>"; };
		9B16CA9419752A2600E363AC /* DataService.m */ = {isa = PBXFileReference; fileEncoding = 4; lastKnownFileType = sourcecode.c.objc; path = DataService.m; sourceTree = "<group>"; };
		9B46FDAA1941BC4E0003AB49 /* StoryViewController.h */ = {isa = PBXFileReference; fileEncoding = 4; lastKnownFileType = sourcecode.c.h; path = StoryViewController.h; sourceTree = "<group>"; };
		9B46FDAB1941BC4E0003AB49 /* StoryViewController.m */ = {isa = PBXFileReference; fileEncoding = 4; lastKnownFileType = sourcecode.c.objc; path = StoryViewController.m; sourceTree = "<group>"; };
		9B46FDAC1941BC4E0003AB49 /* StoryViewController.xib */ = {isa = PBXFileReference; fileEncoding = 4; lastKnownFileType = file.xib; path = StoryViewController.xib; sourceTree = "<group>"; };
		9B46FDAF1941BEA80003AB49 /* PortalViewController.h */ = {isa = PBXFileReference; fileEncoding = 4; lastKnownFileType = sourcecode.c.h; path = PortalViewController.h; sourceTree = "<group>"; };
		9B46FDB01941BEA80003AB49 /* PortalViewController.m */ = {isa = PBXFileReference; fileEncoding = 4; lastKnownFileType = sourcecode.c.objc; path = PortalViewController.m; sourceTree = "<group>"; };
		9B4D07CF19419A7100165D6A /* LoginViewController.h */ = {isa = PBXFileReference; fileEncoding = 4; lastKnownFileType = sourcecode.c.h; path = LoginViewController.h; sourceTree = "<group>"; };
		9B4D07D019419A7100165D6A /* LoginViewController.m */ = {isa = PBXFileReference; fileEncoding = 4; lastKnownFileType = sourcecode.c.objc; path = LoginViewController.m; sourceTree = "<group>"; };
		9B4E88941954024F008830EB /* pause_btn.png */ = {isa = PBXFileReference; lastKnownFileType = image.png; name = pause_btn.png; path = Images/pause_btn.png; sourceTree = "<group>"; };
		9B4E889A19543126008830EB /* record_btn.png */ = {isa = PBXFileReference; lastKnownFileType = image.png; path = record_btn.png; sourceTree = "<group>"; };
		9B4E889B19543126008830EB /* share_btn.png */ = {isa = PBXFileReference; lastKnownFileType = image.png; path = share_btn.png; sourceTree = "<group>"; };
		9B54C03319501B0A004D8FD1 /* CategoryView.h */ = {isa = PBXFileReference; fileEncoding = 4; lastKnownFileType = sourcecode.c.h; path = CategoryView.h; sourceTree = "<group>"; };
		9B54C03419501B0A004D8FD1 /* CategoryView.m */ = {isa = PBXFileReference; fileEncoding = 4; lastKnownFileType = sourcecode.c.objc; path = CategoryView.m; sourceTree = "<group>"; };
		9B54C03619503A4D004D8FD1 /* down_dark.png */ = {isa = PBXFileReference; lastKnownFileType = image.png; path = down_dark.png; sourceTree = "<group>"; };
		9B8459331945B16A0048F484 /* CollectionCell.h */ = {isa = PBXFileReference; fileEncoding = 4; lastKnownFileType = sourcecode.c.h; path = CollectionCell.h; sourceTree = "<group>"; };
		9B8459341945B16A0048F484 /* CollectionCell.m */ = {isa = PBXFileReference; fileEncoding = 4; lastKnownFileType = sourcecode.c.objc; path = CollectionCell.m; sourceTree = "<group>"; };
		9B8459361945B1830048F484 /* CollectionCell.xib */ = {isa = PBXFileReference; fileEncoding = 4; lastKnownFileType = file.xib; path = CollectionCell.xib; sourceTree = "<group>"; };
		9B872DAA194AA63D006A7B8B /* MusicViewController.h */ = {isa = PBXFileReference; fileEncoding = 4; lastKnownFileType = sourcecode.c.h; path = MusicViewController.h; sourceTree = "<group>"; };
		9B872DAB194AA63D006A7B8B /* MusicViewController.m */ = {isa = PBXFileReference; fileEncoding = 4; lastKnownFileType = sourcecode.c.objc; path = MusicViewController.m; sourceTree = "<group>"; };
		9B872DAC194AA63D006A7B8B /* MusicViewController.xib */ = {isa = PBXFileReference; fileEncoding = 4; lastKnownFileType = file.xib; path = MusicViewController.xib; sourceTree = "<group>"; };
		9B872DAF194AC1C6006A7B8B /* Main_iPad.storyboard */ = {isa = PBXFileReference; fileEncoding = 4; lastKnownFileType = file.storyboard; path = Main_iPad.storyboard; sourceTree = "<group>"; };
		9B872DB2194AC77E006A7B8B /* head_1.png */ = {isa = PBXFileReference; lastKnownFileType = image.png; name = head_1.png; path = Images/head_1.png; sourceTree = "<group>"; };
		9B872DB3194AC77E006A7B8B /* head_2.png */ = {isa = PBXFileReference; lastKnownFileType = image.png; name = head_2.png; path = Images/head_2.png; sourceTree = "<group>"; };
		9B872DB4194AC77E006A7B8B /* head_3.png */ = {isa = PBXFileReference; lastKnownFileType = image.png; name = head_3.png; path = Images/head_3.png; sourceTree = "<group>"; };
		9B872DB5194AC77E006A7B8B /* head_4.png */ = {isa = PBXFileReference; lastKnownFileType = image.png; name = head_4.png; path = Images/head_4.png; sourceTree = "<group>"; };
		9B872DB6194AC77E006A7B8B /* head_5.png */ = {isa = PBXFileReference; lastKnownFileType = image.png; name = head_5.png; path = Images/head_5.png; sourceTree = "<group>"; };
		9B872DB7194AC77E006A7B8B /* head_6.png */ = {isa = PBXFileReference; lastKnownFileType = image.png; name = head_6.png; path = Images/head_6.png; sourceTree = "<group>"; };
		9B872DB8194AC77E006A7B8B /* head_7.png */ = {isa = PBXFileReference; lastKnownFileType = image.png; name = head_7.png; path = Images/head_7.png; sourceTree = "<group>"; };
		9B872DB9194AC77E006A7B8B /* head_8.png */ = {isa = PBXFileReference; lastKnownFileType = image.png; name = head_8.png; path = Images/head_8.png; sourceTree = "<group>"; };
		9B872DC5194AE686006A7B8B /* MenuViewController.h */ = {isa = PBXFileReference; fileEncoding = 4; lastKnownFileType = sourcecode.c.h; path = MenuViewController.h; sourceTree = "<group>"; };
		9B872DC6194AE686006A7B8B /* MenuViewController.m */ = {isa = PBXFileReference; fileEncoding = 4; lastKnownFileType = sourcecode.c.objc; path = MenuViewController.m; sourceTree = "<group>"; };
		9B872DCB194AEADB006A7B8B /* DrawerViewController.h */ = {isa = PBXFileReference; fileEncoding = 4; lastKnownFileType = sourcecode.c.h; path = DrawerViewController.h; sourceTree = "<group>"; };
		9B872DCC194AEADB006A7B8B /* DrawerViewController.m */ = {isa = PBXFileReference; fileEncoding = 4; lastKnownFileType = sourcecode.c.objc; path = DrawerViewController.m; sourceTree = "<group>"; };
		9B872DCE194AEC54006A7B8B /* MMDrawerController.h */ = {isa = PBXFileReference; fileEncoding = 4; lastKnownFileType = sourcecode.c.h; path = MMDrawerController.h; sourceTree = "<group>"; };
		9B872DCF194AEC54006A7B8B /* MMDrawerController.m */ = {isa = PBXFileReference; fileEncoding = 4; lastKnownFileType = sourcecode.c.objc; path = MMDrawerController.m; sourceTree = "<group>"; };
		9B872DD0194AEC54006A7B8B /* UIViewController+MMDrawerController.h */ = {isa = PBXFileReference; fileEncoding = 4; lastKnownFileType = sourcecode.c.h; path = "UIViewController+MMDrawerController.h"; sourceTree = "<group>"; };
		9B872DD1194AEC54006A7B8B /* UIViewController+MMDrawerController.m */ = {isa = PBXFileReference; fileEncoding = 4; lastKnownFileType = sourcecode.c.objc; path = "UIViewController+MMDrawerController.m"; sourceTree = "<group>"; };
		9B872DD4194AF18A006A7B8B /* MMDrawerBarButtonItem.h */ = {isa = PBXFileReference; fileEncoding = 4; lastKnownFileType = sourcecode.c.h; path = MMDrawerBarButtonItem.h; sourceTree = "<group>"; };
		9B872DD5194AF18A006A7B8B /* MMDrawerBarButtonItem.m */ = {isa = PBXFileReference; fileEncoding = 4; lastKnownFileType = sourcecode.c.objc; path = MMDrawerBarButtonItem.m; sourceTree = "<group>"; };
		9B872DD7194AF450006A7B8B /* DrawerViewController.xib */ = {isa = PBXFileReference; fileEncoding = 4; lastKnownFileType = file.xib; path = DrawerViewController.xib; sourceTree = "<group>"; };
		9B872DD9194AF87B006A7B8B /* UIRoundedImageView.h */ = {isa = PBXFileReference; fileEncoding = 4; lastKnownFileType = sourcecode.c.h; path = UIRoundedImageView.h; sourceTree = "<group>"; };
		9B872DDA194AF87B006A7B8B /* UIRoundedImageView.m */ = {isa = PBXFileReference; fileEncoding = 4; lastKnownFileType = sourcecode.c.objc; path = UIRoundedImageView.m; sourceTree = "<group>"; };
		9B9DC2E81932D72300916546 /* Combination.app */ = {isa = PBXFileReference; explicitFileType = wrapper.application; includeInIndex = 0; path = Combination.app; sourceTree = BUILT_PRODUCTS_DIR; };
		9B9DC2EB1932D72300916546 /* Foundation.framework */ = {isa = PBXFileReference; lastKnownFileType = wrapper.framework; name = Foundation.framework; path = System/Library/Frameworks/Foundation.framework; sourceTree = SDKROOT; };
		9B9DC2ED1932D72300916546 /* CoreGraphics.framework */ = {isa = PBXFileReference; lastKnownFileType = wrapper.framework; name = CoreGraphics.framework; path = System/Library/Frameworks/CoreGraphics.framework; sourceTree = SDKROOT; };
		9B9DC2EF1932D72300916546 /* UIKit.framework */ = {isa = PBXFileReference; lastKnownFileType = wrapper.framework; name = UIKit.framework; path = System/Library/Frameworks/UIKit.framework; sourceTree = SDKROOT; };
		9B9DC2F31932D72300916546 /* Combination-Info.plist */ = {isa = PBXFileReference; lastKnownFileType = text.plist.xml; path = "Combination-Info.plist"; sourceTree = "<group>"; };
		9B9DC2F51932D72300916546 /* en */ = {isa = PBXFileReference; lastKnownFileType = text.plist.strings; name = en; path = en.lproj/InfoPlist.strings; sourceTree = "<group>"; };
		9B9DC2F71932D72300916546 /* main.m */ = {isa = PBXFileReference; lastKnownFileType = sourcecode.c.objc; path = main.m; sourceTree = "<group>"; };
		9B9DC2F91932D72300916546 /* Combination-Prefix.pch */ = {isa = PBXFileReference; lastKnownFileType = sourcecode.c.h; path = "Combination-Prefix.pch"; sourceTree = "<group>"; };
		9B9DC2FA1932D72300916546 /* AppDelegate.h */ = {isa = PBXFileReference; lastKnownFileType = sourcecode.c.h; path = AppDelegate.h; sourceTree = "<group>"; };
		9B9DC2FB1932D72300916546 /* AppDelegate.m */ = {isa = PBXFileReference; lastKnownFileType = sourcecode.c.objc; path = AppDelegate.m; sourceTree = "<group>"; };
		9B9DC2FE1932D72300916546 /* Base */ = {isa = PBXFileReference; lastKnownFileType = file.storyboard; name = Base; path = Base.lproj/Main_iPhone.storyboard; sourceTree = "<group>"; };
		9B9DC3061932D72300916546 /* DetailViewController.h */ = {isa = PBXFileReference; lastKnownFileType = sourcecode.c.h; path = DetailViewController.h; sourceTree = "<group>"; };
		9B9DC3071932D72300916546 /* DetailViewController.m */ = {isa = PBXFileReference; lastKnownFileType = sourcecode.c.objc; path = DetailViewController.m; sourceTree = "<group>"; };
		9B9DC3091932D72300916546 /* Images.xcassets */ = {isa = PBXFileReference; lastKnownFileType = folder.assetcatalog; path = Images.xcassets; sourceTree = "<group>"; };
		9B9DC30F1932D72300916546 /* CombinationTests.xctest */ = {isa = PBXFileReference; explicitFileType = wrapper.cfbundle; includeInIndex = 0; path = CombinationTests.xctest; sourceTree = BUILT_PRODUCTS_DIR; };
		9B9DC3101932D72300916546 /* XCTest.framework */ = {isa = PBXFileReference; lastKnownFileType = wrapper.framework; name = XCTest.framework; path = Library/Frameworks/XCTest.framework; sourceTree = DEVELOPER_DIR; };
		9B9DC3181932D72300916546 /* CombinationTests-Info.plist */ = {isa = PBXFileReference; lastKnownFileType = text.plist.xml; path = "CombinationTests-Info.plist"; sourceTree = "<group>"; };
		9B9DC31A1932D72300916546 /* en */ = {isa = PBXFileReference; lastKnownFileType = text.plist.strings; name = en; path = en.lproj/InfoPlist.strings; sourceTree = "<group>"; };
		9B9DC31C1932D72300916546 /* CombinationTests.m */ = {isa = PBXFileReference; lastKnownFileType = sourcecode.c.objc; path = CombinationTests.m; sourceTree = "<group>"; };
		9BA1D19E196691FC004A3F57 /* TencentOpenAPI.framework */ = {isa = PBXFileReference; lastKnownFileType = wrapper.framework; path = TencentOpenAPI.framework; sourceTree = "<group>"; };
		9BA1D1A019669243004A3F57 /* libiconv.dylib */ = {isa = PBXFileReference; lastKnownFileType = "compiled.mach-o.dylib"; name = libiconv.dylib; path = usr/lib/libiconv.dylib; sourceTree = SDKROOT; };
		9BA1D1A219669257004A3F57 /* SystemConfiguration.framework */ = {isa = PBXFileReference; lastKnownFileType = wrapper.framework; name = SystemConfiguration.framework; path = System/Library/Frameworks/SystemConfiguration.framework; sourceTree = SDKROOT; };
		9BA1D1A419669277004A3F57 /* libsqlite3.dylib */ = {isa = PBXFileReference; lastKnownFileType = "compiled.mach-o.dylib"; name = libsqlite3.dylib; path = usr/lib/libsqlite3.dylib; sourceTree = SDKROOT; };
		9BA1D1A619669280004A3F57 /* CoreTelephony.framework */ = {isa = PBXFileReference; lastKnownFileType = wrapper.framework; name = CoreTelephony.framework; path = System/Library/Frameworks/CoreTelephony.framework; sourceTree = SDKROOT; };
		9BA1D1AA1966AA87004A3F57 /* libstdc++.dylib */ = {isa = PBXFileReference; lastKnownFileType = "compiled.mach-o.dylib"; name = "libstdc++.dylib"; path = "usr/lib/libstdc++.dylib"; sourceTree = SDKROOT; };
		9BA1D1AC1966AA99004A3F57 /* libz.dylib */ = {isa = PBXFileReference; lastKnownFileType = "compiled.mach-o.dylib"; name = libz.dylib; path = usr/lib/libz.dylib; sourceTree = SDKROOT; };
		9BB70CA8195ACE4D00BF4A84 /* Security.framework */ = {isa = PBXFileReference; lastKnownFileType = wrapper.framework; name = Security.framework; path = System/Library/Frameworks/Security.framework; sourceTree = SDKROOT; };
		9BB70CAA195AD07D00BF4A84 /* libWeiboSDK.a */ = {isa = PBXFileReference; lastKnownFileType = archive.ar; name = libWeiboSDK.a; path = libWeiboSDK/libWeiboSDK.a; sourceTree = "<group>"; };
		9BC36D3B1952D2D0005F702D /* ReflectionView.h */ = {isa = PBXFileReference; fileEncoding = 4; lastKnownFileType = sourcecode.c.h; path = ReflectionView.h; sourceTree = "<group>"; };
		9BC36D3C1952D2D0005F702D /* ReflectionView.m */ = {isa = PBXFileReference; fileEncoding = 4; lastKnownFileType = sourcecode.c.objc; path = ReflectionView.m; sourceTree = "<group>"; };
		9BC36D3E1952E3BB005F702D /* player_btn.png */ = {isa = PBXFileReference; lastKnownFileType = image.png; name = player_btn.png; path = Images/player_btn.png; sourceTree = "<group>"; };
		9BC36D401952EA89005F702D /* RecordViewController.h */ = {isa = PBXFileReference; fileEncoding = 4; lastKnownFileType = sourcecode.c.h; path = RecordViewController.h; sourceTree = "<group>"; };
		9BC36D411952EA89005F702D /* RecordViewController.m */ = {isa = PBXFileReference; fileEncoding = 4; lastKnownFileType = sourcecode.c.objc; path = RecordViewController.m; sourceTree = "<group>"; };
		9BC36D421952EA89005F702D /* RecordViewController.xib */ = {isa = PBXFileReference; fileEncoding = 4; lastKnownFileType = file.xib; path = RecordViewController.xib; sourceTree = "<group>"; };
		9BED3D951957FE1B00314AE9 /* like_btn.png */ = {isa = PBXFileReference; lastKnownFileType = image.png; path = like_btn.png; sourceTree = "<group>"; };
		9BED3D9719580E0800314AE9 /* user_btn.png */ = {isa = PBXFileReference; lastKnownFileType = image.png; path = user_btn.png; sourceTree = "<group>"; };
		9BED3D9919580FFC00314AE9 /* help_btn.png */ = {isa = PBXFileReference; lastKnownFileType = image.png; path = help_btn.png; sourceTree = "<group>"; };
		9BF2805D1946D231009405F7 /* ReuseableHeaderView.h */ = {isa = PBXFileReference; fileEncoding = 4; lastKnownFileType = sourcecode.c.h; path = ReuseableHeaderView.h; sourceTree = "<group>"; };
		9BF2805E1946D231009405F7 /* ReuseableHeaderView.m */ = {isa = PBXFileReference; fileEncoding = 4; lastKnownFileType = sourcecode.c.objc; path = ReuseableHeaderView.m; sourceTree = "<group>"; };
		9BF280601946D24F009405F7 /* ReuseableHeaderView.xib */ = {isa = PBXFileReference; fileEncoding = 4; lastKnownFileType = file.xib; path = ReuseableHeaderView.xib; sourceTree = "<group>"; };
		9BF280631946FBC3009405F7 /* BaseViewController.h */ = {isa = PBXFileReference; fileEncoding = 4; lastKnownFileType = sourcecode.c.h; path = BaseViewController.h; sourceTree = "<group>"; };
		9BF280641946FBC3009405F7 /* BaseViewController.m */ = {isa = PBXFileReference; fileEncoding = 4; lastKnownFileType = sourcecode.c.objc; path = BaseViewController.m; sourceTree = "<group>"; };
		9BF2806619470803009405F7 /* PortalViewController.xib */ = {isa = PBXFileReference; fileEncoding = 4; lastKnownFileType = file.xib; path = PortalViewController.xib; sourceTree = "<group>"; };
		9BF727351979147900621BF5 /* Reachability.h */ = {isa = PBXFileReference; fileEncoding = 4; lastKnownFileType = sourcecode.c.h; path = Reachability.h; sourceTree = "<group>"; };
		9BF727361979147900621BF5 /* Reachability.m */ = {isa = PBXFileReference; fileEncoding = 4; lastKnownFileType = sourcecode.c.objc; path = Reachability.m; sourceTree = "<group>"; };
		9BF7273A197914B600621BF5 /* AFHTTPRequestOperation.h */ = {isa = PBXFileReference; fileEncoding = 4; lastKnownFileType = sourcecode.c.h; path = AFHTTPRequestOperation.h; sourceTree = "<group>"; };
		9BF7273B197914B600621BF5 /* AFHTTPRequestOperation.m */ = {isa = PBXFileReference; fileEncoding = 4; lastKnownFileType = sourcecode.c.objc; path = AFHTTPRequestOperation.m; sourceTree = "<group>"; };
		9BF7273C197914B600621BF5 /* AFHTTPRequestOperationManager.h */ = {isa = PBXFileReference; fileEncoding = 4; lastKnownFileType = sourcecode.c.h; path = AFHTTPRequestOperationManager.h; sourceTree = "<group>"; };
		9BF7273D197914B600621BF5 /* AFHTTPRequestOperationManager.m */ = {isa = PBXFileReference; fileEncoding = 4; lastKnownFileType = sourcecode.c.objc; path = AFHTTPRequestOperationManager.m; sourceTree = "<group>"; };
		9BF7273E197914B600621BF5 /* AFHTTPSessionManager.h */ = {isa = PBXFileReference; fileEncoding = 4; lastKnownFileType = sourcecode.c.h; path = AFHTTPSessionManager.h; sourceTree = "<group>"; };
		9BF7273F197914B600621BF5 /* AFHTTPSessionManager.m */ = {isa = PBXFileReference; fileEncoding = 4; lastKnownFileType = sourcecode.c.objc; path = AFHTTPSessionManager.m; sourceTree = "<group>"; };
		9BF72740197914B600621BF5 /* AFNetworking.h */ = {isa = PBXFileReference; fileEncoding = 4; lastKnownFileType = sourcecode.c.h; path = AFNetworking.h; sourceTree = "<group>"; };
		9BF72741197914B600621BF5 /* AFNetworkReachabilityManager.h */ = {isa = PBXFileReference; fileEncoding = 4; lastKnownFileType = sourcecode.c.h; path = AFNetworkReachabilityManager.h; sourceTree = "<group>"; };
		9BF72742197914B600621BF5 /* AFNetworkReachabilityManager.m */ = {isa = PBXFileReference; fileEncoding = 4; lastKnownFileType = sourcecode.c.objc; path = AFNetworkReachabilityManager.m; sourceTree = "<group>"; };
		9BF72743197914B600621BF5 /* AFSecurityPolicy.h */ = {isa = PBXFileReference; fileEncoding = 4; lastKnownFileType = sourcecode.c.h; path = AFSecurityPolicy.h; sourceTree = "<group>"; };
		9BF72744197914B600621BF5 /* AFSecurityPolicy.m */ = {isa = PBXFileReference; fileEncoding = 4; lastKnownFileType = sourcecode.c.objc; path = AFSecurityPolicy.m; sourceTree = "<group>"; };
		9BF72745197914B600621BF5 /* AFURLConnectionOperation.h */ = {isa = PBXFileReference; fileEncoding = 4; lastKnownFileType = sourcecode.c.h; path = AFURLConnectionOperation.h; sourceTree = "<group>"; };
		9BF72746197914B600621BF5 /* AFURLConnectionOperation.m */ = {isa = PBXFileReference; fileEncoding = 4; lastKnownFileType = sourcecode.c.objc; path = AFURLConnectionOperation.m; sourceTree = "<group>"; };
		9BF72747197914B600621BF5 /* AFURLRequestSerialization.h */ = {isa = PBXFileReference; fileEncoding = 4; lastKnownFileType = sourcecode.c.h; path = AFURLRequestSerialization.h; sourceTree = "<group>"; };
		9BF72748197914B600621BF5 /* AFURLRequestSerialization.m */ = {isa = PBXFileReference; fileEncoding = 4; lastKnownFileType = sourcecode.c.objc; path = AFURLRequestSerialization.m; sourceTree = "<group>"; };
		9BF72749197914B600621BF5 /* AFURLResponseSerialization.h */ = {isa = PBXFileReference; fileEncoding = 4; lastKnownFileType = sourcecode.c.h; path = AFURLResponseSerialization.h; sourceTree = "<group>"; };
		9BF7274A197914B600621BF5 /* AFURLResponseSerialization.m */ = {isa = PBXFileReference; fileEncoding = 4; lastKnownFileType = sourcecode.c.objc; path = AFURLResponseSerialization.m; sourceTree = "<group>"; };
		9BF7274B197914B600621BF5 /* AFURLSessionManager.h */ = {isa = PBXFileReference; fileEncoding = 4; lastKnownFileType = sourcecode.c.h; path = AFURLSessionManager.h; sourceTree = "<group>"; };
		9BF7274C197914B600621BF5 /* AFURLSessionManager.m */ = {isa = PBXFileReference; fileEncoding = 4; lastKnownFileType = sourcecode.c.objc; path = AFURLSessionManager.m; sourceTree = "<group>"; };
/* End PBXFileReference section */

/* Begin PBXFrameworksBuildPhase section */
		9B9DC2E51932D72300916546 /* Frameworks */ = {
			isa = PBXFrameworksBuildPhase;
			buildActionMask = 2147483647;
			files = (
				9BA1D1AD1966AA99004A3F57 /* libz.dylib in Frameworks */,
				9BA1D1AB1966AA87004A3F57 /* libstdc++.dylib in Frameworks */,
				9BA1D1A719669280004A3F57 /* CoreTelephony.framework in Frameworks */,
				9BA1D1A519669277004A3F57 /* libsqlite3.dylib in Frameworks */,
				9B9DC2EE1932D72300916546 /* CoreGraphics.framework in Frameworks */,
				9BA1D1A319669257004A3F57 /* SystemConfiguration.framework in Frameworks */,
				9BA1D1A119669243004A3F57 /* libiconv.dylib in Frameworks */,
				9BB70CA9195ACE4D00BF4A84 /* Security.framework in Frameworks */,
				9B9DC2F01932D72300916546 /* UIKit.framework in Frameworks */,
				9B9DC2EC1932D72300916546 /* Foundation.framework in Frameworks */,
			);
			runOnlyForDeploymentPostprocessing = 0;
		};
		9B9DC30C1932D72300916546 /* Frameworks */ = {
			isa = PBXFrameworksBuildPhase;
			buildActionMask = 2147483647;
			files = (
				9B9DC3111932D72300916546 /* XCTest.framework in Frameworks */,
				9B9DC3131932D72300916546 /* UIKit.framework in Frameworks */,
				9B9DC3121932D72300916546 /* Foundation.framework in Frameworks */,
			);
			runOnlyForDeploymentPostprocessing = 0;
		};
/* End PBXFrameworksBuildPhase section */

/* Begin PBXGroup section */
		9B46FDA71941BBB60003AB49 /* Resources */ = {
			isa = PBXGroup;
			children = (
				9B46FDA91941BC000003AB49 /* images */,
				7017D6511A13A8FD00B8AD0C /* stories.plist */,
			);
			name = Resources;
			sourceTree = "<group>";
		};
		9B46FDA81941BBED0003AB49 /* Story */ = {
			isa = PBXGroup;
			children = (
				9B46FDAA1941BC4E0003AB49 /* StoryViewController.h */,
				9B46FDAB1941BC4E0003AB49 /* StoryViewController.m */,
				9B46FDAC1941BC4E0003AB49 /* StoryViewController.xib */,
				9B872DC5194AE686006A7B8B /* MenuViewController.h */,
				9B872DC6194AE686006A7B8B /* MenuViewController.m */,
				9B872DCB194AEADB006A7B8B /* DrawerViewController.h */,
				9B872DCC194AEADB006A7B8B /* DrawerViewController.m */,
				9B872DD7194AF450006A7B8B /* DrawerViewController.xib */,
				9BC36D401952EA89005F702D /* RecordViewController.h */,
				9BC36D411952EA89005F702D /* RecordViewController.m */,
				9BC36D421952EA89005F702D /* RecordViewController.xib */,
				9B16CA8E1975164300E363AC /* LocalStoreViewController.h */,
				9B16CA8F1975164300E363AC /* LocalStoreViewController.m */,
				9B16CA901975164300E363AC /* LocalStoreViewController.xib */,
			);
			name = Story;
			sourceTree = "<group>";
		};
		9B46FDA91941BC000003AB49 /* images */ = {
			isa = PBXGroup;
			children = (
				9B16CA8C1975092C00E363AC /* luyin.png */,
				9BED3D9919580FFC00314AE9 /* help_btn.png */,
				9BED3D9719580E0800314AE9 /* user_btn.png */,
				9BED3D951957FE1B00314AE9 /* like_btn.png */,
				9B4E889A19543126008830EB /* record_btn.png */,
				9B4E889B19543126008830EB /* share_btn.png */,
				9B4E88941954024F008830EB /* pause_btn.png */,
				9BC36D3E1952E3BB005F702D /* player_btn.png */,
				9B54C03619503A4D004D8FD1 /* down_dark.png */,
				9B872DB2194AC77E006A7B8B /* head_1.png */,
				9B872DB3194AC77E006A7B8B /* head_2.png */,
				9B872DB4194AC77E006A7B8B /* head_3.png */,
				9B872DB5194AC77E006A7B8B /* head_4.png */,
				9B872DB6194AC77E006A7B8B /* head_5.png */,
				9B872DB7194AC77E006A7B8B /* head_6.png */,
				9B872DB8194AC77E006A7B8B /* head_7.png */,
				9B872DB9194AC77E006A7B8B /* head_8.png */,
			);
			name = images;
			sourceTree = "<group>";
		};
		9B8459321945B0D40048F484 /* CustomViews */ = {
			isa = PBXGroup;
			children = (
				9B8459331945B16A0048F484 /* CollectionCell.h */,
				9B8459341945B16A0048F484 /* CollectionCell.m */,
				9B8459361945B1830048F484 /* CollectionCell.xib */,
				9BF2805D1946D231009405F7 /* ReuseableHeaderView.h */,
				9BF2805E1946D231009405F7 /* ReuseableHeaderView.m */,
				9BF280601946D24F009405F7 /* ReuseableHeaderView.xib */,
				9B872DD9194AF87B006A7B8B /* UIRoundedImageView.h */,
				9B872DDA194AF87B006A7B8B /* UIRoundedImageView.m */,
				9B54C03319501B0A004D8FD1 /* CategoryView.h */,
				9B54C03419501B0A004D8FD1 /* CategoryView.m */,
			);
			name = CustomViews;
			sourceTree = "<group>";
		};
		9B872DB1194AC486006A7B8B /* Music */ = {
			isa = PBXGroup;
			children = (
				9B872DAA194AA63D006A7B8B /* MusicViewController.h */,
				9B872DAB194AA63D006A7B8B /* MusicViewController.m */,
				9B872DAC194AA63D006A7B8B /* MusicViewController.xib */,
			);
			name = Music;
			sourceTree = "<group>";
		};
		9B9DC2DF1932D72300916546 = {
			isa = PBXGroup;
			children = (
				9B9DC2F11932D72300916546 /* Combination */,
				9B9DC3161932D72300916546 /* CombinationTests */,
				9B9DC2EA1932D72300916546 /* Frameworks */,
				9B9DC2E91932D72300916546 /* Products */,
			);
			sourceTree = "<group>";
		};
		9B9DC2E91932D72300916546 /* Products */ = {
			isa = PBXGroup;
			children = (
				9B9DC2E81932D72300916546 /* Combination.app */,
				9B9DC30F1932D72300916546 /* CombinationTests.xctest */,
			);
			name = Products;
			sourceTree = "<group>";
		};
		9B9DC2EA1932D72300916546 /* Frameworks */ = {
			isa = PBXGroup;
			children = (
				9BA1D1AC1966AA99004A3F57 /* libz.dylib */,
				9BA1D1AA1966AA87004A3F57 /* libstdc++.dylib */,
				9BA1D1A619669280004A3F57 /* CoreTelephony.framework */,
				9BA1D1A419669277004A3F57 /* libsqlite3.dylib */,
				9BA1D1A219669257004A3F57 /* SystemConfiguration.framework */,
				9BA1D1A019669243004A3F57 /* libiconv.dylib */,
				9BA1D19E196691FC004A3F57 /* TencentOpenAPI.framework */,
				9BB70CAA195AD07D00BF4A84 /* libWeiboSDK.a */,
				9BB70CA8195ACE4D00BF4A84 /* Security.framework */,
				9B9DC2EB1932D72300916546 /* Foundation.framework */,
				9B9DC2ED1932D72300916546 /* CoreGraphics.framework */,
				9B9DC2EF1932D72300916546 /* UIKit.framework */,
				9B9DC3101932D72300916546 /* XCTest.framework */,
			);
			name = Frameworks;
			sourceTree = "<group>";
		};
		9B9DC2F11932D72300916546 /* Combination */ = {
			isa = PBXGroup;
			children = (
				9BF280621946FB9C009405F7 /* Share */,
				9B872DB1194AC486006A7B8B /* Music */,
				9B8459321945B0D40048F484 /* CustomViews */,
				9B46FDA81941BBED0003AB49 /* Story */,
				9B46FDA71941BBB60003AB49 /* Resources */,
				9B9DC2FA1932D72300916546 /* AppDelegate.h */,
				9B9DC2FB1932D72300916546 /* AppDelegate.m */,
				9B9DC2FD1932D72300916546 /* Main_iPhone.storyboard */,
				9B872DAF194AC1C6006A7B8B /* Main_iPad.storyboard */,
				9B9DC3061932D72300916546 /* DetailViewController.h */,
				9B9DC3071932D72300916546 /* DetailViewController.m */,
				9B9DC3091932D72300916546 /* Images.xcassets */,
				9B9DC2F21932D72300916546 /* Supporting Files */,
				9B4D07CF19419A7100165D6A /* LoginViewController.h */,
				9B4D07D019419A7100165D6A /* LoginViewController.m */,
				9B46FDAF1941BEA80003AB49 /* PortalViewController.h */,
				9B46FDB01941BEA80003AB49 /* PortalViewController.m */,
				9BF2806619470803009405F7 /* PortalViewController.xib */,
			);
			path = Combination;
			sourceTree = "<group>";
		};
		9B9DC2F21932D72300916546 /* Supporting Files */ = {
			isa = PBXGroup;
			children = (
				9B9DC2F31932D72300916546 /* Combination-Info.plist */,
				9B9DC2F41932D72300916546 /* InfoPlist.strings */,
				9B9DC2F71932D72300916546 /* main.m */,
				9B9DC2F91932D72300916546 /* Combination-Prefix.pch */,
			);
			name = "Supporting Files";
			sourceTree = "<group>";
		};
		9B9DC3161932D72300916546 /* CombinationTests */ = {
			isa = PBXGroup;
			children = (
				9B9DC31C1932D72300916546 /* CombinationTests.m */,
				9B9DC3171932D72300916546 /* Supporting Files */,
			);
			path = CombinationTests;
			sourceTree = "<group>";
		};
		9B9DC3171932D72300916546 /* Supporting Files */ = {
			isa = PBXGroup;
			children = (
				9B9DC3181932D72300916546 /* CombinationTests-Info.plist */,
				9B9DC3191932D72300916546 /* InfoPlist.strings */,
			);
			name = "Supporting Files";
			sourceTree = "<group>";
		};
		9BF280621946FB9C009405F7 /* Share */ = {
			isa = PBXGroup;
			children = (
				9BF727391979149300621BF5 /* AFNetworking */,
				9BF727381979148200621BF5 /* Reachability */,
				9BC36D3B1952D2D0005F702D /* ReflectionView.h */,
				9BC36D3C1952D2D0005F702D /* ReflectionView.m */,
				9B872DD4194AF18A006A7B8B /* MMDrawerBarButtonItem.h */,
				9B872DD5194AF18A006A7B8B /* MMDrawerBarButtonItem.m */,
				9B872DCE194AEC54006A7B8B /* MMDrawerController.h */,
				9B872DCF194AEC54006A7B8B /* MMDrawerController.m */,
				9B872DD0194AEC54006A7B8B /* UIViewController+MMDrawerController.h */,
				9B872DD1194AEC54006A7B8B /* UIViewController+MMDrawerController.m */,
				9BF280631946FBC3009405F7 /* BaseViewController.h */,
				9BF280641946FBC3009405F7 /* BaseViewController.m */,
				9B16CA9319752A2600E363AC /* DataService.h */,
				9B16CA9419752A2600E363AC /* DataService.m */,
				7017D6531A13B33000B8AD0C /* Utils.m */,
				7017D6551A13B3D200B8AD0C /* Utils.h */,
				7017D6561A13B59700B8AD0C /* Consts.h */,
			);
			name = Share;
			sourceTree = "<group>";
		};
		9BF727381979148200621BF5 /* Reachability */ = {
			isa = PBXGroup;
			children = (
				9BF727351979147900621BF5 /* Reachability.h */,
				9BF727361979147900621BF5 /* Reachability.m */,
			);
			name = Reachability;
			sourceTree = "<group>";
		};
		9BF727391979149300621BF5 /* AFNetworking */ = {
			isa = PBXGroup;
			children = (
				9BF7273A197914B600621BF5 /* AFHTTPRequestOperation.h */,
				9BF7273B197914B600621BF5 /* AFHTTPRequestOperation.m */,
				9BF7273C197914B600621BF5 /* AFHTTPRequestOperationManager.h */,
				9BF7273D197914B600621BF5 /* AFHTTPRequestOperationManager.m */,
				9BF7273E197914B600621BF5 /* AFHTTPSessionManager.h */,
				9BF7273F197914B600621BF5 /* AFHTTPSessionManager.m */,
				9BF72740197914B600621BF5 /* AFNetworking.h */,
				9BF72741197914B600621BF5 /* AFNetworkReachabilityManager.h */,
				9BF72742197914B600621BF5 /* AFNetworkReachabilityManager.m */,
				9BF72743197914B600621BF5 /* AFSecurityPolicy.h */,
				9BF72744197914B600621BF5 /* AFSecurityPolicy.m */,
				9BF72745197914B600621BF5 /* AFURLConnectionOperation.h */,
				9BF72746197914B600621BF5 /* AFURLConnectionOperation.m */,
				9BF72747197914B600621BF5 /* AFURLRequestSerialization.h */,
				9BF72748197914B600621BF5 /* AFURLRequestSerialization.m */,
				9BF72749197914B600621BF5 /* AFURLResponseSerialization.h */,
				9BF7274A197914B600621BF5 /* AFURLResponseSerialization.m */,
				9BF7274B197914B600621BF5 /* AFURLSessionManager.h */,
				9BF7274C197914B600621BF5 /* AFURLSessionManager.m */,
			);
			name = AFNetworking;
			sourceTree = "<group>";
		};
/* End PBXGroup section */

/* Begin PBXNativeTarget section */
		9B9DC2E71932D72300916546 /* Combination */ = {
			isa = PBXNativeTarget;
			buildConfigurationList = 9B9DC3201932D72300916546 /* Build configuration list for PBXNativeTarget "Combination" */;
			buildPhases = (
				9B9DC2E41932D72300916546 /* Sources */,
				9B9DC2E51932D72300916546 /* Frameworks */,
				9B9DC2E61932D72300916546 /* Resources */,
			);
			buildRules = (
			);
			dependencies = (
			);
			name = Combination;
			productName = Combination;
			productReference = 9B9DC2E81932D72300916546 /* Combination.app */;
			productType = "com.apple.product-type.application";
		};
		9B9DC30E1932D72300916546 /* CombinationTests */ = {
			isa = PBXNativeTarget;
			buildConfigurationList = 9B9DC3231932D72300916546 /* Build configuration list for PBXNativeTarget "CombinationTests" */;
			buildPhases = (
				9B9DC30B1932D72300916546 /* Sources */,
				9B9DC30C1932D72300916546 /* Frameworks */,
				9B9DC30D1932D72300916546 /* Resources */,
			);
			buildRules = (
			);
			dependencies = (
				9B9DC3151932D72300916546 /* PBXTargetDependency */,
			);
			name = CombinationTests;
			productName = CombinationTests;
			productReference = 9B9DC30F1932D72300916546 /* CombinationTests.xctest */;
			productType = "com.apple.product-type.bundle.unit-test";
		};
/* End PBXNativeTarget section */

/* Begin PBXProject section */
		9B9DC2E01932D72300916546 /* Project object */ = {
			isa = PBXProject;
			attributes = {
				LastUpgradeCheck = 0510;
				ORGANIZATIONNAME = "___alecchyi___";
				TargetAttributes = {
					9B9DC2E71932D72300916546 = {
						DevelopmentTeam = ELW8X6JH83;
					};
					9B9DC30E1932D72300916546 = {
						TestTargetID = 9B9DC2E71932D72300916546;
					};
				};
			};
			buildConfigurationList = 9B9DC2E31932D72300916546 /* Build configuration list for PBXProject "Combination" */;
			compatibilityVersion = "Xcode 3.2";
			developmentRegion = English;
			hasScannedForEncodings = 0;
			knownRegions = (
				en,
				Base,
			);
			mainGroup = 9B9DC2DF1932D72300916546;
			productRefGroup = 9B9DC2E91932D72300916546 /* Products */;
			projectDirPath = "";
			projectRoot = "";
			targets = (
				9B9DC2E71932D72300916546 /* Combination */,
				9B9DC30E1932D72300916546 /* CombinationTests */,
			);
		};
/* End PBXProject section */

/* Begin PBXResourcesBuildPhase section */
		9B9DC2E61932D72300916546 /* Resources */ = {
			isa = PBXResourcesBuildPhase;
			buildActionMask = 2147483647;
			files = (
				9B16CA8D1975092C00E363AC /* luyin.png in Resources */,
				9B872DBB194AC77E006A7B8B /* head_2.png in Resources */,
				9B46FDAE1941BC4E0003AB49 /* StoryViewController.xib in Resources */,
				9B4E889D19543126008830EB /* share_btn.png in Resources */,
				9BED3D9A19580FFC00314AE9 /* help_btn.png in Resources */,
				9BF2806719470803009405F7 /* PortalViewController.xib in Resources */,
				9B4E889C19543126008830EB /* record_btn.png in Resources */,
				9B872DBE194AC77E006A7B8B /* head_5.png in Resources */,
				9BF280611946D24F009405F7 /* ReuseableHeaderView.xib in Resources */,
				9B54C03719503A4D004D8FD1 /* down_dark.png in Resources */,
				9B872DBF194AC77E006A7B8B /* head_6.png in Resources */,
				9B872DB0194AC1C6006A7B8B /* Main_iPad.storyboard in Resources */,
				9B872DBC194AC77E006A7B8B /* head_3.png in Resources */,
				9B9DC30A1932D72300916546 /* Images.xcassets in Resources */,
				9B872DBD194AC77E006A7B8B /* head_4.png in Resources */,
				9B872DC0194AC77E006A7B8B /* head_7.png in Resources */,
				9B9DC2FF1932D72300916546 /* Main_iPhone.storyboard in Resources */,
				9B16CA921975164300E363AC /* LocalStoreViewController.xib in Resources */,
				9BC36D3F1952E3BB005F702D /* player_btn.png in Resources */,
				9B4E88951954024F008830EB /* pause_btn.png in Resources */,
				7017D6521A13A8FD00B8AD0C /* stories.plist in Resources */,
				9BED3D9819580E0800314AE9 /* user_btn.png in Resources */,
				9B9DC2F61932D72300916546 /* InfoPlist.strings in Resources */,
				9B872DAE194AA63D006A7B8B /* MusicViewController.xib in Resources */,
				9B8459371945B1830048F484 /* CollectionCell.xib in Resources */,
				9BED3D961957FE1B00314AE9 /* like_btn.png in Resources */,
				9B872DD8194AF450006A7B8B /* DrawerViewController.xib in Resources */,
				9B872DC1194AC77E006A7B8B /* head_8.png in Resources */,
				9B872DBA194AC77E006A7B8B /* head_1.png in Resources */,
				9BC36D441952EA89005F702D /* RecordViewController.xib in Resources */,
			);
			runOnlyForDeploymentPostprocessing = 0;
		};
		9B9DC30D1932D72300916546 /* Resources */ = {
			isa = PBXResourcesBuildPhase;
			buildActionMask = 2147483647;
			files = (
				9B9DC31B1932D72300916546 /* InfoPlist.strings in Resources */,
			);
			runOnlyForDeploymentPostprocessing = 0;
		};
/* End PBXResourcesBuildPhase section */

/* Begin PBXSourcesBuildPhase section */
		9B9DC2E41932D72300916546 /* Sources */ = {
			isa = PBXSourcesBuildPhase;
			buildActionMask = 2147483647;
			files = (
				9BF72752197914B600621BF5 /* AFURLConnectionOperation.m in Sources */,
				9B9DC2FC1932D72300916546 /* AppDelegate.m in Sources */,
				9BF280651946FBC3009405F7 /* BaseViewController.m in Sources */,
				9BF7274D197914B600621BF5 /* AFHTTPRequestOperation.m in Sources */,
				9BF72754197914B600621BF5 /* AFURLResponseSerialization.m in Sources */,
				9B872DCD194AEADB006A7B8B /* DrawerViewController.m in Sources */,
				9B46FDAD1941BC4E0003AB49 /* StoryViewController.m in Sources */,
				9B16CA911975164300E363AC /* LocalStoreViewController.m in Sources */,
				9B9DC2F81932D72300916546 /* main.m in Sources */,
				9B872DD2194AEC54006A7B8B /* MMDrawerController.m in Sources */,
				9B9DC3081932D72300916546 /* DetailViewController.m in Sources */,
				9B872DD6194AF18A006A7B8B /* MMDrawerBarButtonItem.m in Sources */,
				9BF72751197914B600621BF5 /* AFSecurityPolicy.m in Sources */,
				9BF72755197914B600621BF5 /* AFURLSessionManager.m in Sources */,
				9BC36D431952EA89005F702D /* RecordViewController.m in Sources */,
				9BF2805F1946D231009405F7 /* ReuseableHeaderView.m in Sources */,
				9BF7274F197914B600621BF5 /* AFHTTPSessionManager.m in Sources */,
				9B54C03519501B0A004D8FD1 /* CategoryView.m in Sources */,
				9BF72750197914B600621BF5 /* AFNetworkReachabilityManager.m in Sources */,
				7017D6541A13B33000B8AD0C /* Utils.m in Sources */,
				9B872DAD194AA63D006A7B8B /* MusicViewController.m in Sources */,
				9BF7274E197914B600621BF5 /* AFHTTPRequestOperationManager.m in Sources */,
				9BF72753197914B600621BF5 /* AFURLRequestSerialization.m in Sources */,
				9BC36D3D1952D2D0005F702D /* ReflectionView.m in Sources */,
				9BF727371979147900621BF5 /* Reachability.m in Sources */,
				9B872DD3194AEC54006A7B8B /* UIViewController+MMDrawerController.m in Sources */,
				9B16CA9519752A2600E363AC /* DataService.m in Sources */,
				9B872DC7194AE686006A7B8B /* MenuViewController.m in Sources */,
				9B872DDB194AF87B006A7B8B /* UIRoundedImageView.m in Sources */,
				9B8459351945B16A0048F484 /* CollectionCell.m in Sources */,
				9B46FDB11941BEA80003AB49 /* PortalViewController.m in Sources */,
				9B4D07D219419A7100165D6A /* LoginViewController.m in Sources */,
			);
			runOnlyForDeploymentPostprocessing = 0;
		};
		9B9DC30B1932D72300916546 /* Sources */ = {
			isa = PBXSourcesBuildPhase;
			buildActionMask = 2147483647;
			files = (
				9B9DC31D1932D72300916546 /* CombinationTests.m in Sources */,
			);
			runOnlyForDeploymentPostprocessing = 0;
		};
/* End PBXSourcesBuildPhase section */

/* Begin PBXTargetDependency section */
		9B9DC3151932D72300916546 /* PBXTargetDependency */ = {
			isa = PBXTargetDependency;
			target = 9B9DC2E71932D72300916546 /* Combination */;
			targetProxy = 9B9DC3141932D72300916546 /* PBXContainerItemProxy */;
		};
/* End PBXTargetDependency section */

/* Begin PBXVariantGroup section */
		9B9DC2F41932D72300916546 /* InfoPlist.strings */ = {
			isa = PBXVariantGroup;
			children = (
				9B9DC2F51932D72300916546 /* en */,
			);
			name = InfoPlist.strings;
			sourceTree = "<group>";
		};
		9B9DC2FD1932D72300916546 /* Main_iPhone.storyboard */ = {
			isa = PBXVariantGroup;
			children = (
				9B9DC2FE1932D72300916546 /* Base */,
			);
			name = Main_iPhone.storyboard;
			sourceTree = "<group>";
		};
		9B9DC3191932D72300916546 /* InfoPlist.strings */ = {
			isa = PBXVariantGroup;
			children = (
				9B9DC31A1932D72300916546 /* en */,
			);
			name = InfoPlist.strings;
			sourceTree = "<group>";
		};
/* End PBXVariantGroup section */

/* Begin XCBuildConfiguration section */
		9B9DC31E1932D72300916546 /* Debug */ = {
			isa = XCBuildConfiguration;
			buildSettings = {
				ALWAYS_SEARCH_USER_PATHS = NO;
				CLANG_CXX_LANGUAGE_STANDARD = "gnu++0x";
				CLANG_CXX_LIBRARY = "libc++";
				CLANG_ENABLE_MODULES = YES;
				CLANG_ENABLE_OBJC_ARC = YES;
				CLANG_WARN_BOOL_CONVERSION = YES;
				CLANG_WARN_CONSTANT_CONVERSION = YES;
				CLANG_WARN_DIRECT_OBJC_ISA_USAGE = YES_ERROR;
				CLANG_WARN_EMPTY_BODY = YES;
				CLANG_WARN_ENUM_CONVERSION = YES;
				CLANG_WARN_INT_CONVERSION = YES;
				CLANG_WARN_OBJC_ROOT_CLASS = YES_ERROR;
				CLANG_WARN__DUPLICATE_METHOD_MATCH = YES;
				"CODE_SIGN_IDENTITY[sdk=iphoneos*]" = "iPhone Developer";
				COPY_PHASE_STRIP = NO;
				GCC_C_LANGUAGE_STANDARD = gnu99;
				GCC_DYNAMIC_NO_PIC = NO;
				GCC_OPTIMIZATION_LEVEL = 0;
				GCC_PREPROCESSOR_DEFINITIONS = (
					"DEBUG=1",
					"$(inherited)",
				);
				GCC_SYMBOLS_PRIVATE_EXTERN = NO;
				GCC_WARN_64_TO_32_BIT_CONVERSION = YES;
				GCC_WARN_ABOUT_RETURN_TYPE = YES_ERROR;
				GCC_WARN_UNDECLARED_SELECTOR = YES;
				GCC_WARN_UNINITIALIZED_AUTOS = YES_AGGRESSIVE;
				GCC_WARN_UNUSED_FUNCTION = YES;
				GCC_WARN_UNUSED_VARIABLE = YES;
				IPHONEOS_DEPLOYMENT_TARGET = 7.1;
				ONLY_ACTIVE_ARCH = YES;
				SDKROOT = iphoneos;
				TARGETED_DEVICE_FAMILY = "1,2";
			};
			name = Debug;
		};
		9B9DC31F1932D72300916546 /* Release */ = {
			isa = XCBuildConfiguration;
			buildSettings = {
				ALWAYS_SEARCH_USER_PATHS = NO;
				CLANG_CXX_LANGUAGE_STANDARD = "gnu++0x";
				CLANG_CXX_LIBRARY = "libc++";
				CLANG_ENABLE_MODULES = YES;
				CLANG_ENABLE_OBJC_ARC = YES;
				CLANG_WARN_BOOL_CONVERSION = YES;
				CLANG_WARN_CONSTANT_CONVERSION = YES;
				CLANG_WARN_DIRECT_OBJC_ISA_USAGE = YES_ERROR;
				CLANG_WARN_EMPTY_BODY = YES;
				CLANG_WARN_ENUM_CONVERSION = YES;
				CLANG_WARN_INT_CONVERSION = YES;
				CLANG_WARN_OBJC_ROOT_CLASS = YES_ERROR;
				CLANG_WARN__DUPLICATE_METHOD_MATCH = YES;
				"CODE_SIGN_IDENTITY[sdk=iphoneos*]" = "iPhone Developer";
				COPY_PHASE_STRIP = YES;
				ENABLE_NS_ASSERTIONS = NO;
				GCC_C_LANGUAGE_STANDARD = gnu99;
				GCC_WARN_64_TO_32_BIT_CONVERSION = YES;
				GCC_WARN_ABOUT_RETURN_TYPE = YES_ERROR;
				GCC_WARN_UNDECLARED_SELECTOR = YES;
				GCC_WARN_UNINITIALIZED_AUTOS = YES_AGGRESSIVE;
				GCC_WARN_UNUSED_FUNCTION = YES;
				GCC_WARN_UNUSED_VARIABLE = YES;
				IPHONEOS_DEPLOYMENT_TARGET = 7.1;
				SDKROOT = iphoneos;
				TARGETED_DEVICE_FAMILY = "1,2";
				VALIDATE_PRODUCT = YES;
			};
			name = Release;
		};
		9B9DC3211932D72300916546 /* Debug */ = {
			isa = XCBuildConfiguration;
			buildSettings = {
				ASSETCATALOG_COMPILER_APPICON_NAME = AppIcon;
				ASSETCATALOG_COMPILER_LAUNCHIMAGE_NAME = LaunchImage;
				CODE_SIGN_IDENTITY = "iPhone Developer";
				"CODE_SIGN_IDENTITY[sdk=iphoneos*]" = "iPhone Developer";
				FRAMEWORK_SEARCH_PATHS = (
					"$(inherited)",
					"$(PROJECT_DIR)",
				);
				GCC_PRECOMPILE_PREFIX_HEADER = YES;
				GCC_PREFIX_HEADER = "Combination/Combination-Prefix.pch";
				INFOPLIST_FILE = "Combination/Combination-Info.plist";
				IPHONEOS_DEPLOYMENT_TARGET = 7.0;
				LIBRARY_SEARCH_PATHS = (
					"$(inherited)",
					"$(PROJECT_DIR)/libWeiboSDK",
				);
				OTHER_LDFLAGS = "-fobjc-arc";
				PRODUCT_NAME = "$(TARGET_NAME)";
				PROVISIONING_PROFILE = "";
				TARGETED_DEVICE_FAMILY = 2;
				WRAPPER_EXTENSION = app;
			};
			name = Debug;
		};
		9B9DC3221932D72300916546 /* Release */ = {
			isa = XCBuildConfiguration;
			buildSettings = {
				ASSETCATALOG_COMPILER_APPICON_NAME = AppIcon;
				ASSETCATALOG_COMPILER_LAUNCHIMAGE_NAME = LaunchImage;
				CODE_SIGN_IDENTITY = "iPhone Developer";
				"CODE_SIGN_IDENTITY[sdk=iphoneos*]" = "iPhone Developer";
				FRAMEWORK_SEARCH_PATHS = (
					"$(inherited)",
					"$(PROJECT_DIR)",
				);
				GCC_PRECOMPILE_PREFIX_HEADER = YES;
				GCC_PREFIX_HEADER = "Combination/Combination-Prefix.pch";
				INFOPLIST_FILE = "Combination/Combination-Info.plist";
				IPHONEOS_DEPLOYMENT_TARGET = 7.0;
				LIBRARY_SEARCH_PATHS = (
					"$(inherited)",
					"$(PROJECT_DIR)/libWeiboSDK",
				);
				OTHER_LDFLAGS = "-fobjc-arc";
				PRODUCT_NAME = "$(TARGET_NAME)";
				PROVISIONING_PROFILE = "";
				TARGETED_DEVICE_FAMILY = 2;
				WRAPPER_EXTENSION = app;
			};
			name = Release;
		};
		9B9DC3241932D72300916546 /* Debug */ = {
			isa = XCBuildConfiguration;
			buildSettings = {
				BUNDLE_LOADER = "$(BUILT_PRODUCTS_DIR)/Combination.app/Combination";
				FRAMEWORK_SEARCH_PATHS = (
					"$(SDKROOT)/Developer/Library/Frameworks",
					"$(inherited)",
					"$(DEVELOPER_FRAMEWORKS_DIR)",
				);
				GCC_PRECOMPILE_PREFIX_HEADER = YES;
				GCC_PREFIX_HEADER = "Combination/Combination-Prefix.pch";
				GCC_PREPROCESSOR_DEFINITIONS = (
					"DEBUG=1",
					"$(inherited)",
				);
				INFOPLIST_FILE = "CombinationTests/CombinationTests-Info.plist";
				PRODUCT_NAME = "$(TARGET_NAME)";
				TEST_HOST = "$(BUNDLE_LOADER)";
				WRAPPER_EXTENSION = xctest;
			};
			name = Debug;
		};
		9B9DC3251932D72300916546 /* Release */ = {
			isa = XCBuildConfiguration;
			buildSettings = {
				BUNDLE_LOADER = "$(BUILT_PRODUCTS_DIR)/Combination.app/Combination";
				FRAMEWORK_SEARCH_PATHS = (
					"$(SDKROOT)/Developer/Library/Frameworks",
					"$(inherited)",
					"$(DEVELOPER_FRAMEWORKS_DIR)",
				);
				GCC_PRECOMPILE_PREFIX_HEADER = YES;
				GCC_PREFIX_HEADER = "Combination/Combination-Prefix.pch";
				INFOPLIST_FILE = "CombinationTests/CombinationTests-Info.plist";
				PRODUCT_NAME = "$(TARGET_NAME)";
				TEST_HOST = "$(BUNDLE_LOADER)";
				WRAPPER_EXTENSION = xctest;
			};
			name = Release;
		};
/* End XCBuildConfiguration section */

/* Begin XCConfigurationList section */
		9B9DC2E31932D72300916546 /* Build configuration list for PBXProject "Combination" */ = {
			isa = XCConfigurationList;
			buildConfigurations = (
				9B9DC31E1932D72300916546 /* Debug */,
				9B9DC31F1932D72300916546 /* Release */,
			);
			defaultConfigurationIsVisible = 0;
			defaultConfigurationName = Release;
		};
		9B9DC3201932D72300916546 /* Build configuration list for PBXNativeTarget "Combination" */ = {
			isa = XCConfigurationList;
			buildConfigurations = (
				9B9DC3211932D72300916546 /* Debug */,
				9B9DC3221932D72300916546 /* Release */,
			);
			defaultConfigurationIsVisible = 0;
			defaultConfigurationName = Release;
		};
		9B9DC3231932D72300916546 /* Build configuration list for PBXNativeTarget "CombinationTests" */ = {
			isa = XCConfigurationList;
			buildConfigurations = (
				9B9DC3241932D72300916546 /* Debug */,
				9B9DC3251932D72300916546 /* Release */,
			);
			defaultConfigurationIsVisible = 0;
			defaultConfigurationName = Release;
		};
/* End XCConfigurationList section */
	};
	rootObject = 9B9DC2E01932D72300916546 /* Project object */;
}
